
Microsoft Visual Studio Solution File, Format Version 12.00
Project("{FAE04EC0-301F-11D3-BF4B-00C04F79EFBC}") = "FeatureExtraction", "FeatureExtraction\FeatureExtraction.csproj", "{B52B6883-E709-429D-82F1-500585B15162}"
EndProject
Global
	GlobalSection(SolutionConfigurationPlatforms) = preSolution
		Debug|Any CPU = Debug|Any CPU
		Release|Any CPU = Release|Any CPU
	EndGlobalSection
	GlobalSection(ProjectConfigurationPlatforms) = postSolution
		{B52B6883-E709-429D-82F1-500585B15162}.Debug|Any CPU.ActiveCfg = Debug|Any CPU
		{B52B6883-E709-429D-82F1-500585B15162}.Debug|Any CPU.Build.0 = Debug|Any CPU
		{B52B6883-E709-429D-82F1-500585B15162}.Release|Any CPU.ActiveCfg = Release|Any CPU
		{B52B6883-E709-429D-82F1-500585B15162}.Release|Any CPU.Build.0 = Release|Any CPU
	EndGlobalSection
EndGlobal
